// !$*UTF8*$!
{
	archiveVersion = 1;
	classes = {
	};
	objectVersion = 56;
	objects = {

/* Begin PBXBuildFile section */
		78D748FC2ADD9FBA00A3F301 /* AppDelegate.swift in Sources */ = {isa = PBXBuildFile; fileRef = 78D748FB2ADD9FBA00A3F301 /* AppDelegate.swift */; };
		78D748FE2ADD9FBA00A3F301 /* SceneDelegate.swift in Sources */ = {isa = PBXBuildFile; fileRef = 78D748FD2ADD9FBA00A3F301 /* SceneDelegate.swift */; };
		78D749002ADD9FBA00A3F301 /* ViewController.swift in Sources */ = {isa = PBXBuildFile; fileRef = 78D748FF2ADD9FBA00A3F301 /* ViewController.swift */; };
		78D749032ADD9FBA00A3F301 /* Main.storyboard in Resources */ = {isa = PBXBuildFile; fileRef = 78D749012ADD9FBA00A3F301 /* Main.storyboard */; };
		78D749052ADD9FBB00A3F301 /* Assets.xcassets in Resources */ = {isa = PBXBuildFile; fileRef = 78D749042ADD9FBB00A3F301 /* Assets.xcassets */; };
		78D749082ADD9FBB00A3F301 /* LaunchScreen.storyboard in Resources */ = {isa = PBXBuildFile; fileRef = 78D749062ADD9FBB00A3F301 /* LaunchScreen.storyboard */; };
		78D749142ADDA20600A3F301 /* CoinModel.swift in Sources */ = {isa = PBXBuildFile; fileRef = 78D749132ADDA20600A3F301 /* CoinModel.swift */; };
		78D749162ADDA74800A3F301 /* CurrentDataModel.swift in Sources */ = {isa = PBXBuildFile; fileRef = 78D749152ADDA74800A3F301 /* CurrentDataModel.swift */; };
		78D749182ADDB1E400A3F301 /* MarketChartModel.swift in Sources */ = {isa = PBXBuildFile; fileRef = 78D749172ADDB1E400A3F301 /* MarketChartModel.swift */; };
		78D7491A2ADDB2A400A3F301 /* GraphicDataModel.swift in Sources */ = {isa = PBXBuildFile; fileRef = 78D749192ADDB2A400A3F301 /* GraphicDataModel.swift */; };
		78D7491C2ADDB32F00A3F301 /* GlobalModel.swift in Sources */ = {isa = PBXBuildFile; fileRef = 78D7491B2ADDB32F00A3F301 /* GlobalModel.swift */; };
		78D749202ADDB6CD00A3F301 /* GenericDataProvider.swift in Sources */ = {isa = PBXBuildFile; fileRef = 78D7491F2ADDB6CD00A3F301 /* GenericDataProvider.swift */; };
		78D749252ADDB72600A3F301 /* API.swift in Sources */ = {isa = PBXBuildFile; fileRef = 78D749242ADDB72600A3F301 /* API.swift */; };
		78D749272ADDB8CF00A3F301 /* GenericStore.swift in Sources */ = {isa = PBXBuildFile; fileRef = 78D749262ADDB8CF00A3F301 /* GenericStore.swift */; };
		78D749292ADDBB8E00A3F301 /* Extensions.swift in Sources */ = {isa = PBXBuildFile; fileRef = 78D749282ADDBB8E00A3F301 /* Extensions.swift */; };
		78D7492B2ADDBE1300A3F301 /* CoinsRouter.swift in Sources */ = {isa = PBXBuildFile; fileRef = 78D7492A2ADDBE1300A3F301 /* CoinsRouter.swift */; };
		78D7492E2ADDBE4000A3F301 /* GlobalRouter.swift in Sources */ = {isa = PBXBuildFile; fileRef = 78D7492D2ADDBE4000A3F301 /* GlobalRouter.swift */; };
		78D749302ADDCCD700A3F301 /* GlobalStore.swift in Sources */ = {isa = PBXBuildFile; fileRef = 78D7492F2ADDCCD700A3F301 /* GlobalStore.swift */; };
		78D749322ADDCCEA00A3F301 /* CoinsStore.swift in Sources */ = {isa = PBXBuildFile; fileRef = 78D749312ADDCCEA00A3F301 /* CoinsStore.swift */; };
		78D749352ADDD41800A3F301 /* ListCoinsDataProvider.swift in Sources */ = {isa = PBXBuildFile; fileRef = 78D749342ADDD41800A3F301 /* ListCoinsDataProvider.swift */; };
		78D749382ADDFF9B00A3F301 /* GlobalValuesDataProvider.swift in Sources */ = {isa = PBXBuildFile; fileRef = 78D749372ADDFF9B00A3F301 /* GlobalValuesDataProvider.swift */; };
		78D749412ADE046800A3F301 /* CoinsListPresenter.swift in Sources */ = {isa = PBXBuildFile; fileRef = 78D7493B2ADE046800A3F301 /* CoinsListPresenter.swift */; };
		78D749422ADE046800A3F301 /* CoinsListWorker.swift in Sources */ = {isa = PBXBuildFile; fileRef = 78D7493C2ADE046800A3F301 /* CoinsListWorker.swift */; };
		78D749432ADE046800A3F301 /* CoinsListRouter.swift in Sources */ = {isa = PBXBuildFile; fileRef = 78D7493D2ADE046800A3F301 /* CoinsListRouter.swift */; };
		78D749442ADE046800A3F301 /* CoinsListModels.swift in Sources */ = {isa = PBXBuildFile; fileRef = 78D7493E2ADE046800A3F301 /* CoinsListModels.swift */; };
		78D749452ADE046800A3F301 /* CoinsListViewController.swift in Sources */ = {isa = PBXBuildFile; fileRef = 78D7493F2ADE046800A3F301 /* CoinsListViewController.swift */; };
		78D749462ADE046800A3F301 /* CoinsListInteractor.swift in Sources */ = {isa = PBXBuildFile; fileRef = 78D749402ADE046800A3F301 /* CoinsListInteractor.swift */; };
/* End PBXBuildFile section */

/* Begin PBXFileReference section */
		78D748F82ADD9FBA00A3F301 /* IsisMarketCoins.app */ = {isa = PBXFileReference; explicitFileType = wrapper.application; includeInIndex = 0; path = IsisMarketCoins.app; sourceTree = BUILT_PRODUCTS_DIR; };
		78D748FB2ADD9FBA00A3F301 /* AppDelegate.swift */ = {isa = PBXFileReference; lastKnownFileType = sourcecode.swift; path = AppDelegate.swift; sourceTree = "<group>"; };
		78D748FD2ADD9FBA00A3F301 /* SceneDelegate.swift */ = {isa = PBXFileReference; lastKnownFileType = sourcecode.swift; path = SceneDelegate.swift; sourceTree = "<group>"; };
		78D748FF2ADD9FBA00A3F301 /* ViewController.swift */ = {isa = PBXFileReference; lastKnownFileType = sourcecode.swift; path = ViewController.swift; sourceTree = "<group>"; };
		78D749022ADD9FBA00A3F301 /* Base */ = {isa = PBXFileReference; lastKnownFileType = file.storyboard; name = Base; path = Base.lproj/Main.storyboard; sourceTree = "<group>"; };
		78D749042ADD9FBB00A3F301 /* Assets.xcassets */ = {isa = PBXFileReference; lastKnownFileType = folder.assetcatalog; path = Assets.xcassets; sourceTree = "<group>"; };
		78D749072ADD9FBB00A3F301 /* Base */ = {isa = PBXFileReference; lastKnownFileType = file.storyboard; name = Base; path = Base.lproj/LaunchScreen.storyboard; sourceTree = "<group>"; };
		78D749092ADD9FBB00A3F301 /* Info.plist */ = {isa = PBXFileReference; lastKnownFileType = text.plist.xml; path = Info.plist; sourceTree = "<group>"; };
		78D749132ADDA20600A3F301 /* CoinModel.swift */ = {isa = PBXFileReference; lastKnownFileType = sourcecode.swift; path = CoinModel.swift; sourceTree = "<group>"; };
		78D749152ADDA74800A3F301 /* CurrentDataModel.swift */ = {isa = PBXFileReference; lastKnownFileType = sourcecode.swift; path = CurrentDataModel.swift; sourceTree = "<group>"; };
		78D749172ADDB1E400A3F301 /* MarketChartModel.swift */ = {isa = PBXFileReference; lastKnownFileType = sourcecode.swift; path = MarketChartModel.swift; sourceTree = "<group>"; };
		78D749192ADDB2A400A3F301 /* GraphicDataModel.swift */ = {isa = PBXFileReference; lastKnownFileType = sourcecode.swift; path = GraphicDataModel.swift; sourceTree = "<group>"; };
		78D7491B2ADDB32F00A3F301 /* GlobalModel.swift */ = {isa = PBXFileReference; lastKnownFileType = sourcecode.swift; path = GlobalModel.swift; sourceTree = "<group>"; };
		78D7491F2ADDB6CD00A3F301 /* GenericDataProvider.swift */ = {isa = PBXFileReference; lastKnownFileType = sourcecode.swift; path = GenericDataProvider.swift; sourceTree = "<group>"; };
		78D749242ADDB72600A3F301 /* API.swift */ = {isa = PBXFileReference; lastKnownFileType = sourcecode.swift; path = API.swift; sourceTree = "<group>"; };
		78D749262ADDB8CF00A3F301 /* GenericStore.swift */ = {isa = PBXFileReference; lastKnownFileType = sourcecode.swift; path = GenericStore.swift; sourceTree = "<group>"; };
		78D749282ADDBB8E00A3F301 /* Extensions.swift */ = {isa = PBXFileReference; lastKnownFileType = sourcecode.swift; path = Extensions.swift; sourceTree = "<group>"; };
		78D7492A2ADDBE1300A3F301 /* CoinsRouter.swift */ = {isa = PBXFileReference; lastKnownFileType = sourcecode.swift; path = CoinsRouter.swift; sourceTree = "<group>"; };
		78D7492D2ADDBE4000A3F301 /* GlobalRouter.swift */ = {isa = PBXFileReference; lastKnownFileType = sourcecode.swift; path = GlobalRouter.swift; sourceTree = "<group>"; };
		78D7492F2ADDCCD700A3F301 /* GlobalStore.swift */ = {isa = PBXFileReference; lastKnownFileType = sourcecode.swift; path = GlobalStore.swift; sourceTree = "<group>"; };
		78D749312ADDCCEA00A3F301 /* CoinsStore.swift */ = {isa = PBXFileReference; lastKnownFileType = sourcecode.swift; path = CoinsStore.swift; sourceTree = "<group>"; };
		78D749342ADDD41800A3F301 /* ListCoinsDataProvider.swift */ = {isa = PBXFileReference; lastKnownFileType = sourcecode.swift; path = ListCoinsDataProvider.swift; sourceTree = "<group>"; };
		78D749372ADDFF9B00A3F301 /* GlobalValuesDataProvider.swift */ = {isa = PBXFileReference; lastKnownFileType = sourcecode.swift; path = GlobalValuesDataProvider.swift; sourceTree = "<group>"; };
		78D7493B2ADE046800A3F301 /* CoinsListPresenter.swift */ = {isa = PBXFileReference; lastKnownFileType = sourcecode.swift; name = CoinsListPresenter.swift; path = "../../../../../projeto VIP/IsisMarketCoins/Domain/Scenes/CoinsList/CoinsListPresenter.swift"; sourceTree = "<group>"; };
		78D7493C2ADE046800A3F301 /* CoinsListWorker.swift */ = {isa = PBXFileReference; lastKnownFileType = sourcecode.swift; name = CoinsListWorker.swift; path = "../../../../../projeto VIP/IsisMarketCoins/Domain/Scenes/CoinsList/CoinsListWorker.swift"; sourceTree = "<group>"; };
		78D7493D2ADE046800A3F301 /* CoinsListRouter.swift */ = {isa = PBXFileReference; lastKnownFileType = sourcecode.swift; name = CoinsListRouter.swift; path = "../../../../../projeto VIP/IsisMarketCoins/Domain/Scenes/CoinsList/CoinsListRouter.swift"; sourceTree = "<group>"; };
		78D7493E2ADE046800A3F301 /* CoinsListModels.swift */ = {isa = PBXFileReference; lastKnownFileType = sourcecode.swift; name = CoinsListModels.swift; path = "../../../../../projeto VIP/IsisMarketCoins/Domain/Scenes/CoinsList/CoinsListModels.swift"; sourceTree = "<group>"; };
		78D7493F2ADE046800A3F301 /* CoinsListViewController.swift */ = {isa = PBXFileReference; lastKnownFileType = sourcecode.swift; name = CoinsListViewController.swift; path = "../../../../../projeto VIP/IsisMarketCoins/Domain/Scenes/CoinsList/CoinsListViewController.swift"; sourceTree = "<group>"; };
		78D749402ADE046800A3F301 /* CoinsListInteractor.swift */ = {isa = PBXFileReference; lastKnownFileType = sourcecode.swift; name = CoinsListInteractor.swift; path = "../../../../../projeto VIP/IsisMarketCoins/Domain/Scenes/CoinsList/CoinsListInteractor.swift"; sourceTree = "<group>"; };
/* End PBXFileReference section */

/* Begin PBXFrameworksBuildPhase section */
		78D748F52ADD9FBA00A3F301 /* Frameworks */ = {
			isa = PBXFrameworksBuildPhase;
			buildActionMask = 2147483647;
			files = (
			);
			runOnlyForDeploymentPostprocessing = 0;
		};
/* End PBXFrameworksBuildPhase section */

/* Begin PBXGroup section */
		78D748EF2ADD9FBA00A3F301 = {
			isa = PBXGroup;
			children = (
				78D7490F2ADDA09100A3F301 /* Domain */,
				78D748FA2ADD9FBA00A3F301 /* IsisMarketCoins */,
				78D748F92ADD9FBA00A3F301 /* Products */,
			);
			sourceTree = "<group>";
		};
		78D748F92ADD9FBA00A3F301 /* Products */ = {
			isa = PBXGroup;
			children = (
				78D748F82ADD9FBA00A3F301 /* IsisMarketCoins.app */,
			);
			name = Products;
			sourceTree = "<group>";
		};
		78D748FA2ADD9FBA00A3F301 /* IsisMarketCoins */ = {
			isa = PBXGroup;
			children = (
				78D748FB2ADD9FBA00A3F301 /* AppDelegate.swift */,
				78D748FD2ADD9FBA00A3F301 /* SceneDelegate.swift */,
				78D748FF2ADD9FBA00A3F301 /* ViewController.swift */,
				78D749012ADD9FBA00A3F301 /* Main.storyboard */,
				78D749042ADD9FBB00A3F301 /* Assets.xcassets */,
				78D749062ADD9FBB00A3F301 /* LaunchScreen.storyboard */,
				78D749092ADD9FBB00A3F301 /* Info.plist */,
				78D749282ADDBB8E00A3F301 /* Extensions.swift */,
			);
			path = IsisMarketCoins;
			sourceTree = "<group>";
		};
		78D7490F2ADDA09100A3F301 /* Domain */ = {
			isa = PBXGroup;
			children = (
				78D749362ADDFF6D00A3F301 /* GlobalValuesDataProvider */,
				78D7491D2ADDB69800A3F301 /* DataProvider */,
				78D749122ADDA0E700A3F301 /* Models */,
				78D749392ADE028100A3F301 /* Scenes */,
			);
			path = Domain;
			sourceTree = "<group>";
		};
		78D749122ADDA0E700A3F301 /* Models */ = {
			isa = PBXGroup;
			children = (
				78D749132ADDA20600A3F301 /* CoinModel.swift */,
				78D749152ADDA74800A3F301 /* CurrentDataModel.swift */,
				78D749172ADDB1E400A3F301 /* MarketChartModel.swift */,
				78D749192ADDB2A400A3F301 /* GraphicDataModel.swift */,
				78D7491B2ADDB32F00A3F301 /* GlobalModel.swift */,
			);
			path = Models;
			sourceTree = "<group>";
		};
		78D7491D2ADDB69800A3F301 /* DataProvider */ = {
			isa = PBXGroup;
			children = (
				78D749332ADDD3F800A3F301 /* CoinsDataProvider */,
				78D7491E2ADDB6A400A3F301 /* NetworkRepository */,
				78D7491F2ADDB6CD00A3F301 /* GenericDataProvider.swift */,
			);
			path = DataProvider;
			sourceTree = "<group>";
		};
		78D7491E2ADDB6A400A3F301 /* NetworkRepository */ = {
			isa = PBXGroup;
			children = (
				78D749232ADDB71100A3F301 /* Store */,
				78D749222ADDB70900A3F301 /* Router */,
				78D749212ADDB70100A3F301 /* API */,
			);
			path = NetworkRepository;
			sourceTree = "<group>";
		};
		78D749212ADDB70100A3F301 /* API */ = {
			isa = PBXGroup;
			children = (
				78D749242ADDB72600A3F301 /* API.swift */,
			);
			path = API;
			sourceTree = "<group>";
		};
		78D749222ADDB70900A3F301 /* Router */ = {
			isa = PBXGroup;
			children = (
				78D7492A2ADDBE1300A3F301 /* CoinsRouter.swift */,
				78D7492D2ADDBE4000A3F301 /* GlobalRouter.swift */,
			);
			path = Router;
			sourceTree = "<group>";
		};
		78D749232ADDB71100A3F301 /* Store */ = {
			isa = PBXGroup;
			children = (
				78D749262ADDB8CF00A3F301 /* GenericStore.swift */,
				78D7492F2ADDCCD700A3F301 /* GlobalStore.swift */,
				78D749312ADDCCEA00A3F301 /* CoinsStore.swift */,
			);
			path = Store;
			sourceTree = "<group>";
		};
		78D749332ADDD3F800A3F301 /* CoinsDataProvider */ = {
			isa = PBXGroup;
			children = (
				78D749342ADDD41800A3F301 /* ListCoinsDataProvider.swift */,
			);
			path = CoinsDataProvider;
			sourceTree = "<group>";
		};
		78D749362ADDFF6D00A3F301 /* GlobalValuesDataProvider */ = {
			isa = PBXGroup;
			children = (
				78D749372ADDFF9B00A3F301 /* GlobalValuesDataProvider.swift */,
			);
			path = GlobalValuesDataProvider;
			sourceTree = "<group>";
		};
		78D749392ADE028100A3F301 /* Scenes */ = {
			isa = PBXGroup;
			children = (
				78D7493A2ADE028B00A3F301 /* CoinsList */,
			);
			path = Scenes;
			sourceTree = "<group>";
		};
		78D7493A2ADE028B00A3F301 /* CoinsList */ = {
			isa = PBXGroup;
			children = (
				78D7493B2ADE046800A3F301 /* CoinsListPresenter.swift */,
				78D7493C2ADE046800A3F301 /* CoinsListWorker.swift */,
				78D7493D2ADE046800A3F301 /* CoinsListRouter.swift */,
				78D7493E2ADE046800A3F301 /* CoinsListModels.swift */,
				78D7493F2ADE046800A3F301 /* CoinsListViewController.swift */,
				78D749402ADE046800A3F301 /* CoinsListInteractor.swift */,
			);
			path = CoinsList;
			sourceTree = "<group>";
		};
/* End PBXGroup section */

/* Begin PBXNativeTarget section */
		78D748F72ADD9FBA00A3F301 /* IsisMarketCoins */ = {
			isa = PBXNativeTarget;
			buildConfigurationList = 78D7490C2ADD9FBB00A3F301 /* Build configuration list for PBXNativeTarget "IsisMarketCoins" */;
			buildPhases = (
				78D748F42ADD9FBA00A3F301 /* Sources */,
				78D748F52ADD9FBA00A3F301 /* Frameworks */,
				78D748F62ADD9FBA00A3F301 /* Resources */,
			);
			buildRules = (
			);
			dependencies = (
			);
			name = IsisMarketCoins;
			productName = IsisMarketCoins;
			productReference = 78D748F82ADD9FBA00A3F301 /* IsisMarketCoins.app */;
			productType = "com.apple.product-type.application";
		};
/* End PBXNativeTarget section */

/* Begin PBXProject section */
		78D748F02ADD9FBA00A3F301 /* Project object */ = {
			isa = PBXProject;
			attributes = {
				BuildIndependentTargetsInParallel = 1;
				LastSwiftUpdateCheck = 1420;
				LastUpgradeCheck = 1420;
				TargetAttributes = {
					78D748F72ADD9FBA00A3F301 = {
						CreatedOnToolsVersion = 14.2;
					};
				};
			};
			buildConfigurationList = 78D748F32ADD9FBA00A3F301 /* Build configuration list for PBXProject "IsisMarketCoins" */;
			compatibilityVersion = "Xcode 14.0";
			developmentRegion = en;
			hasScannedForEncodings = 0;
			knownRegions = (
				en,
				Base,
			);
			mainGroup = 78D748EF2ADD9FBA00A3F301;
			productRefGroup = 78D748F92ADD9FBA00A3F301 /* Products */;
			projectDirPath = "";
			projectRoot = "";
			targets = (
				78D748F72ADD9FBA00A3F301 /* IsisMarketCoins */,
			);
		};
/* End PBXProject section */

/* Begin PBXResourcesBuildPhase section */
		78D748F62ADD9FBA00A3F301 /* Resources */ = {
			isa = PBXResourcesBuildPhase;
			buildActionMask = 2147483647;
			files = (
				78D749082ADD9FBB00A3F301 /* LaunchScreen.storyboard in Resources */,
				78D749052ADD9FBB00A3F301 /* Assets.xcassets in Resources */,
				78D749032ADD9FBA00A3F301 /* Main.storyboard in Resources */,
			);
			runOnlyForDeploymentPostprocessing = 0;
		};
/* End PBXResourcesBuildPhase section */

/* Begin PBXSourcesBuildPhase section */
		78D748F42ADD9FBA00A3F301 /* Sources */ = {
			isa = PBXSourcesBuildPhase;
			buildActionMask = 2147483647;
			files = (
				78D749182ADDB1E400A3F301 /* MarketChartModel.swift in Sources */,
				78D749412ADE046800A3F301 /* CoinsListPresenter.swift in Sources */,
				78D749142ADDA20600A3F301 /* CoinModel.swift in Sources */,
				78D749452ADE046800A3F301 /* CoinsListViewController.swift in Sources */,
				78D7492B2ADDBE1300A3F301 /* CoinsRouter.swift in Sources */,
				78D7492E2ADDBE4000A3F301 /* GlobalRouter.swift in Sources */,
				78D749322ADDCCEA00A3F301 /* CoinsStore.swift in Sources */,
				78D749422ADE046800A3F301 /* CoinsListWorker.swift in Sources */,
				78D7491A2ADDB2A400A3F301 /* GraphicDataModel.swift in Sources */,
				78D749352ADDD41800A3F301 /* ListCoinsDataProvider.swift in Sources */,
				78D749272ADDB8CF00A3F301 /* GenericStore.swift in Sources */,
				78D749432ADE046800A3F301 /* CoinsListRouter.swift in Sources */,
				78D749002ADD9FBA00A3F301 /* ViewController.swift in Sources */,
				78D749382ADDFF9B00A3F301 /* GlobalValuesDataProvider.swift in Sources */,
				78D749252ADDB72600A3F301 /* API.swift in Sources */,
				78D749462ADE046800A3F301 /* CoinsListInteractor.swift in Sources */,
				78D748FC2ADD9FBA00A3F301 /* AppDelegate.swift in Sources */,
				78D749292ADDBB8E00A3F301 /* Extensions.swift in Sources */,
				78D749162ADDA74800A3F301 /* CurrentDataModel.swift in Sources */,
				78D7491C2ADDB32F00A3F301 /* GlobalModel.swift in Sources */,
				78D749202ADDB6CD00A3F301 /* GenericDataProvider.swift in Sources */,
				78D748FE2ADD9FBA00A3F301 /* SceneDelegate.swift in Sources */,
				78D749442ADE046800A3F301 /* CoinsListModels.swift in Sources */,
				78D749302ADDCCD700A3F301 /* GlobalStore.swift in Sources */,
			);
			runOnlyForDeploymentPostprocessing = 0;
		};
/* End PBXSourcesBuildPhase section */

/* Begin PBXVariantGroup section */
		78D749012ADD9FBA00A3F301 /* Main.storyboard */ = {
			isa = PBXVariantGroup;
			children = (
				78D749022ADD9FBA00A3F301 /* Base */,
			);
			name = Main.storyboard;
			sourceTree = "<group>";
		};
		78D749062ADD9FBB00A3F301 /* LaunchScreen.storyboard */ = {
			isa = PBXVariantGroup;
			children = (
				78D749072ADD9FBB00A3F301 /* Base */,
			);
			name = LaunchScreen.storyboard;
			sourceTree = "<group>";
		};
/* End PBXVariantGroup section */

/* Begin XCBuildConfiguration section */
		78D7490A2ADD9FBB00A3F301 /* Debug */ = {
			isa = XCBuildConfiguration;
			buildSettings = {
				ALWAYS_SEARCH_USER_PATHS = NO;
				CLANG_ANALYZER_NONNULL = YES;
				CLANG_ANALYZER_NUMBER_OBJECT_CONVERSION = YES_AGGRESSIVE;
				CLANG_CXX_LANGUAGE_STANDARD = "gnu++20";
				CLANG_ENABLE_MODULES = YES;
				CLANG_ENABLE_OBJC_ARC = YES;
				CLANG_ENABLE_OBJC_WEAK = YES;
				CLANG_WARN_BLOCK_CAPTURE_AUTORELEASING = YES;
				CLANG_WARN_BOOL_CONVERSION = YES;
				CLANG_WARN_COMMA = YES;
				CLANG_WARN_CONSTANT_CONVERSION = YES;
				CLANG_WARN_DEPRECATED_OBJC_IMPLEMENTATIONS = YES;
				CLANG_WARN_DIRECT_OBJC_ISA_USAGE = YES_ERROR;
				CLANG_WARN_DOCUMENTATION_COMMENTS = YES;
				CLANG_WARN_EMPTY_BODY = YES;
				CLANG_WARN_ENUM_CONVERSION = YES;
				CLANG_WARN_INFINITE_RECURSION = YES;
				CLANG_WARN_INT_CONVERSION = YES;
				CLANG_WARN_NON_LITERAL_NULL_CONVERSION = YES;
				CLANG_WARN_OBJC_IMPLICIT_RETAIN_SELF = YES;
				CLANG_WARN_OBJC_LITERAL_CONVERSION = YES;
				CLANG_WARN_OBJC_ROOT_CLASS = YES_ERROR;
				CLANG_WARN_QUOTED_INCLUDE_IN_FRAMEWORK_HEADER = YES;
				CLANG_WARN_RANGE_LOOP_ANALYSIS = YES;
				CLANG_WARN_STRICT_PROTOTYPES = YES;
				CLANG_WARN_SUSPICIOUS_MOVE = YES;
				CLANG_WARN_UNGUARDED_AVAILABILITY = YES_AGGRESSIVE;
				CLANG_WARN_UNREACHABLE_CODE = YES;
				CLANG_WARN__DUPLICATE_METHOD_MATCH = YES;
				COPY_PHASE_STRIP = NO;
				DEBUG_INFORMATION_FORMAT = dwarf;
				ENABLE_STRICT_OBJC_MSGSEND = YES;
				ENABLE_TESTABILITY = YES;
				GCC_C_LANGUAGE_STANDARD = gnu11;
				GCC_DYNAMIC_NO_PIC = NO;
				GCC_NO_COMMON_BLOCKS = YES;
				GCC_OPTIMIZATION_LEVEL = 0;
				GCC_PREPROCESSOR_DEFINITIONS = (
					"DEBUG=1",
					"$(inherited)",
				);
				GCC_WARN_64_TO_32_BIT_CONVERSION = YES;
				GCC_WARN_ABOUT_RETURN_TYPE = YES_ERROR;
				GCC_WARN_UNDECLARED_SELECTOR = YES;
				GCC_WARN_UNINITIALIZED_AUTOS = YES_AGGRESSIVE;
				GCC_WARN_UNUSED_FUNCTION = YES;
				GCC_WARN_UNUSED_VARIABLE = YES;
				IPHONEOS_DEPLOYMENT_TARGET = 16.2;
				MTL_ENABLE_DEBUG_INFO = INCLUDE_SOURCE;
				MTL_FAST_MATH = YES;
				ONLY_ACTIVE_ARCH = YES;
				SDKROOT = iphoneos;
				SWIFT_ACTIVE_COMPILATION_CONDITIONS = DEBUG;
				SWIFT_OPTIMIZATION_LEVEL = "-Onone";
			};
			name = Debug;
		};
		78D7490B2ADD9FBB00A3F301 /* Release */ = {
			isa = XCBuildConfiguration;
			buildSettings = {
				ALWAYS_SEARCH_USER_PATHS = NO;
				CLANG_ANALYZER_NONNULL = YES;
				CLANG_ANALYZER_NUMBER_OBJECT_CONVERSION = YES_AGGRESSIVE;
				CLANG_CXX_LANGUAGE_STANDARD = "gnu++20";
				CLANG_ENABLE_MODULES = YES;
				CLANG_ENABLE_OBJC_ARC = YES;
				CLANG_ENABLE_OBJC_WEAK = YES;
				CLANG_WARN_BLOCK_CAPTURE_AUTORELEASING = YES;
				CLANG_WARN_BOOL_CONVERSION = YES;
				CLANG_WARN_COMMA = YES;
				CLANG_WARN_CONSTANT_CONVERSION = YES;
				CLANG_WARN_DEPRECATED_OBJC_IMPLEMENTATIONS = YES;
				CLANG_WARN_DIRECT_OBJC_ISA_USAGE = YES_ERROR;
				CLANG_WARN_DOCUMENTATION_COMMENTS = YES;
				CLANG_WARN_EMPTY_BODY = YES;
				CLANG_WARN_ENUM_CONVERSION = YES;
				CLANG_WARN_INFINITE_RECURSION = YES;
				CLANG_WARN_INT_CONVERSION = YES;
				CLANG_WARN_NON_LITERAL_NULL_CONVERSION = YES;
				CLANG_WARN_OBJC_IMPLICIT_RETAIN_SELF = YES;
				CLANG_WARN_OBJC_LITERAL_CONVERSION = YES;
				CLANG_WARN_OBJC_ROOT_CLASS = YES_ERROR;
				CLANG_WARN_QUOTED_INCLUDE_IN_FRAMEWORK_HEADER = YES;
				CLANG_WARN_RANGE_LOOP_ANALYSIS = YES;
				CLANG_WARN_STRICT_PROTOTYPES = YES;
				CLANG_WARN_SUSPICIOUS_MOVE = YES;
				CLANG_WARN_UNGUARDED_AVAILABILITY = YES_AGGRESSIVE;
				CLANG_WARN_UNREACHABLE_CODE = YES;
				CLANG_WARN__DUPLICATE_METHOD_MATCH = YES;
				COPY_PHASE_STRIP = NO;
				DEBUG_INFORMATION_FORMAT = "dwarf-with-dsym";
				ENABLE_NS_ASSERTIONS = NO;
				ENABLE_STRICT_OBJC_MSGSEND = YES;
				GCC_C_LANGUAGE_STANDARD = gnu11;
				GCC_NO_COMMON_BLOCKS = YES;
				GCC_WARN_64_TO_32_BIT_CONVERSION = YES;
				GCC_WARN_ABOUT_RETURN_TYPE = YES_ERROR;
				GCC_WARN_UNDECLARED_SELECTOR = YES;
				GCC_WARN_UNINITIALIZED_AUTOS = YES_AGGRESSIVE;
				GCC_WARN_UNUSED_FUNCTION = YES;
				GCC_WARN_UNUSED_VARIABLE = YES;
				IPHONEOS_DEPLOYMENT_TARGET = 16.2;
				MTL_ENABLE_DEBUG_INFO = NO;
				MTL_FAST_MATH = YES;
				SDKROOT = iphoneos;
				SWIFT_COMPILATION_MODE = wholemodule;
				SWIFT_OPTIMIZATION_LEVEL = "-O";
				VALIDATE_PRODUCT = YES;
			};
			name = Release;
		};
		78D7490D2ADD9FBB00A3F301 /* Debug */ = {
			isa = XCBuildConfiguration;
			buildSettings = {
				ASSETCATALOG_COMPILER_APPICON_NAME = AppIcon;
				ASSETCATALOG_COMPILER_GLOBAL_ACCENT_COLOR_NAME = AccentColor;
				CODE_SIGN_STYLE = Automatic;
				CURRENT_PROJECT_VERSION = 1;
				GENERATE_INFOPLIST_FILE = YES;
				INFOPLIST_FILE = IsisMarketCoins/Info.plist;
				INFOPLIST_KEY_LSApplicationCategoryType = "public.app-category.finance";
				INFOPLIST_KEY_UIApplicationSupportsIndirectInputEvents = YES;
				INFOPLIST_KEY_UILaunchStoryboardName = LaunchScreen;
				INFOPLIST_KEY_UIMainStoryboardFile = Main;
				INFOPLIST_KEY_UISupportedInterfaceOrientations = UIInterfaceOrientationPortrait;
				INFOPLIST_KEY_UISupportedInterfaceOrientations_iPad = "UIInterfaceOrientationLandscapeLeft UIInterfaceOrientationLandscapeRight UIInterfaceOrientationPortrait UIInterfaceOrientationPortraitUpsideDown";
				IPHONEOS_DEPLOYMENT_TARGET = 13.0;
				LD_RUNPATH_SEARCH_PATHS = (
					"$(inherited)",
					"@executable_path/Frameworks",
				);
				MARKETING_VERSION = 1.0;
				PRODUCT_BUNDLE_IDENTIFIER = gui.projeto.vip.IsisMarketCoins;
				PRODUCT_NAME = "$(TARGET_NAME)";
				SUPPORTED_PLATFORMS = "iphoneos iphonesimulator";
				SUPPORTS_MACCATALYST = NO;
				SUPPORTS_MAC_DESIGNED_FOR_IPHONE_IPAD = NO;
				SWIFT_EMIT_LOC_STRINGS = YES;
				SWIFT_VERSION = 5.0;
				TARGETED_DEVICE_FAMILY = 1;
			};
			name = Debug;
		};
		78D7490E2ADD9FBB00A3F301 /* Release */ = {
			isa = XCBuildConfiguration;
			buildSettings = {
				ASSETCATALOG_COMPILER_APPICON_NAME = AppIcon;
				ASSETCATALOG_COMPILER_GLOBAL_ACCENT_COLOR_NAME = AccentColor;
				CODE_SIGN_STYLE = Automatic;
				CURRENT_PROJECT_VERSION = 1;
				GENERATE_INFOPLIST_FILE = YES;
				INFOPLIST_FILE = IsisMarketCoins/Info.plist;
				INFOPLIST_KEY_LSApplicationCategoryType = "public.app-category.finance";
				INFOPLIST_KEY_UIApplicationSupportsIndirectInputEvents = YES;
				INFOPLIST_KEY_UILaunchStoryboardName = LaunchScreen;
				INFOPLIST_KEY_UIMainStoryboardFile = Main;
				INFOPLIST_KEY_UISupportedInterfaceOrientations = UIInterfaceOrientationPortrait;
				INFOPLIST_KEY_UISupportedInterfaceOrientations_iPad = "UIInterfaceOrientationLandscapeLeft UIInterfaceOrientationLandscapeRight UIInterfaceOrientationPortrait UIInterfaceOrientationPortraitUpsideDown";
				IPHONEOS_DEPLOYMENT_TARGET = 13.0;
				LD_RUNPATH_SEARCH_PATHS = (
					"$(inherited)",
					"@executable_path/Frameworks",
				);
				MARKETING_VERSION = 1.0;
				PRODUCT_BUNDLE_IDENTIFIER = gui.projeto.vip.IsisMarketCoins;
				PRODUCT_NAME = "$(TARGET_NAME)";
				SUPPORTED_PLATFORMS = "iphoneos iphonesimulator";
				SUPPORTS_MACCATALYST = NO;
				SUPPORTS_MAC_DESIGNED_FOR_IPHONE_IPAD = NO;
				SWIFT_EMIT_LOC_STRINGS = YES;
				SWIFT_VERSION = 5.0;
				TARGETED_DEVICE_FAMILY = 1;
			};
			name = Release;
		};
/* End XCBuildConfiguration section */

/* Begin XCConfigurationList section */
		78D748F32ADD9FBA00A3F301 /* Build configuration list for PBXProject "IsisMarketCoins" */ = {
			isa = XCConfigurationList;
			buildConfigurations = (
				78D7490A2ADD9FBB00A3F301 /* Debug */,
				78D7490B2ADD9FBB00A3F301 /* Release */,
			);
			defaultConfigurationIsVisible = 0;
			defaultConfigurationName = Release;
		};
		78D7490C2ADD9FBB00A3F301 /* Build configuration list for PBXNativeTarget "IsisMarketCoins" */ = {
			isa = XCConfigurationList;
			buildConfigurations = (
				78D7490D2ADD9FBB00A3F301 /* Debug */,
				78D7490E2ADD9FBB00A3F301 /* Release */,
			);
			defaultConfigurationIsVisible = 0;
			defaultConfigurationName = Release;
		};
/* End XCConfigurationList section */
	};
	rootObject = 78D748F02ADD9FBA00A3F301 /* Project object */;
}
